PODS:
  - AFNetworking (2.5.3):
    - AFNetworking/NSURLConnection (= 2.5.3)
    - AFNetworking/NSURLSession (= 2.5.3)
    - AFNetworking/Reachability (= 2.5.3)
    - AFNetworking/Security (= 2.5.3)
    - AFNetworking/Serialization (= 2.5.3)
    - AFNetworking/UIKit (= 2.5.3)
  - AFNetworking/NSURLConnection (2.5.3):
    - AFNetworking/Reachability
    - AFNetworking/Security
    - AFNetworking/Serialization
  - AFNetworking/NSURLSession (2.5.3):
    - AFNetworking/Reachability
    - AFNetworking/Security
    - AFNetworking/Serialization
  - AFNetworking/Reachability (2.5.3)
  - AFNetworking/Security (2.5.3)
  - AFNetworking/Serialization (2.5.3)
  - AFNetworking/UIKit (2.5.3):
    - AFNetworking/NSURLConnection
    - AFNetworking/NSURLSession
  - Haneke (1.0.1)
  - PromiseKit/Promise (1.5.3)
  - PromiseKit/UIActionSheet (1.5.3):
    - PromiseKit/Promise
  - PromiseKit/UIAlertView (1.5.3):
    - PromiseKit/Promise
  - PromiseKit/UIKit (1.5.3):
    - PromiseKit/UIActionSheet
    - PromiseKit/UIAlertView
    - PromiseKit/UIView
    - PromiseKit/UIViewController
  - PromiseKit/UIView (1.5.3):
    - PromiseKit/Promise
  - PromiseKit/UIViewController (1.5.3):
    - PromiseKit/Promise
  - SVProgressHUD (1.1.3)

DEPENDENCIES:
  - AFNetworking
  - Haneke
  - PromiseKit/UIKit
  - SVProgressHUD

SPEC CHECKSUMS:
  AFNetworking: e1d86c2a96bb5d2e7408da36149806706ee122fe
  Haneke: d60be8b96b228633b24708dd153169d6849d6f78
  PromiseKit: 7ecae7c190ab92ae00aae6ba7f88942107532b8f
  SVProgressHUD: 748080e4f36e603f6c02aec292664239df5279c1

COCOAPODS: 0.36.4
