// !$*UTF8*$!
{
	archiveVersion = 1;
	classes = {
	};
	objectVersion = 46;
	objects = {

/* Begin PBXBuildFile section */
		4A808F1F0315413CB2EA3E09 /* libPods.a in Frameworks */ = {isa = PBXBuildFile; fileRef = 1C9F0007486D4D5F904157AD /* libPods.a */; };
		EA3682BC19715AC100E3285B /* BonjourFinder.m in Sources */ = {isa = PBXBuildFile; fileRef = EA3682BB19715AC100E3285B /* BonjourFinder.m */; };
		EA9C68F8196ADAC1005B52B2 /* Foundation.framework in Frameworks */ = {isa = PBXBuildFile; fileRef = EA9C68F7196ADAC1005B52B2 /* Foundation.framework */; };
		EA9C68FA196ADAC1005B52B2 /* CoreGraphics.framework in Frameworks */ = {isa = PBXBuildFile; fileRef = EA9C68F9196ADAC1005B52B2 /* CoreGraphics.framework */; };
		EA9C68FC196ADAC1005B52B2 /* UIKit.framework in Frameworks */ = {isa = PBXBuildFile; fileRef = EA9C68FB196ADAC1005B52B2 /* UIKit.framework */; };
		EA9C6902196ADAC1005B52B2 /* InfoPlist.strings in Resources */ = {isa = PBXBuildFile; fileRef = EA9C6900196ADAC1005B52B2 /* InfoPlist.strings */; };
		EA9C6904196ADAC1005B52B2 /* main.m in Sources */ = {isa = PBXBuildFile; fileRef = EA9C6903196ADAC1005B52B2 /* main.m */; };
		EA9C6908196ADAC1005B52B2 /* AppDelegate.m in Sources */ = {isa = PBXBuildFile; fileRef = EA9C6907196ADAC1005B52B2 /* AppDelegate.m */; };
		EA9C690A196ADAC1005B52B2 /* Images.xcassets in Resources */ = {isa = PBXBuildFile; fileRef = EA9C6909196ADAC1005B52B2 /* Images.xcassets */; };
		EA9C6911196ADAC1005B52B2 /* XCTest.framework in Frameworks */ = {isa = PBXBuildFile; fileRef = EA9C6910196ADAC1005B52B2 /* XCTest.framework */; };
		EA9C6912196ADAC1005B52B2 /* Foundation.framework in Frameworks */ = {isa = PBXBuildFile; fileRef = EA9C68F7196ADAC1005B52B2 /* Foundation.framework */; };
		EA9C6913196ADAC1005B52B2 /* UIKit.framework in Frameworks */ = {isa = PBXBuildFile; fileRef = EA9C68FB196ADAC1005B52B2 /* UIKit.framework */; };
		EA9C691B196ADAC1005B52B2 /* InfoPlist.strings in Resources */ = {isa = PBXBuildFile; fileRef = EA9C6919196ADAC1005B52B2 /* InfoPlist.strings */; };
		EA9C691D196ADAC1005B52B2 /* AirHackTests.m in Sources */ = {isa = PBXBuildFile; fileRef = EA9C691C196ADAC1005B52B2 /* AirHackTests.m */; };
		EA9C6927196ADB16005B52B2 /* MediaPlayer.framework in Frameworks */ = {isa = PBXBuildFile; fileRef = EA9C6926196ADB16005B52B2 /* MediaPlayer.framework */; };
		EA9C692A196ADF7A005B52B2 /* PostViewController.m in Sources */ = {isa = PBXBuildFile; fileRef = EA9C6929196ADF7A005B52B2 /* PostViewController.m */; };
		EAA2C1E6197167740031EDF8 /* PPSSelectViewController.m in Sources */ = {isa = PBXBuildFile; fileRef = EAA2C1E5197167740031EDF8 /* PPSSelectViewController.m */; };
		EAA2C1E9197168150031EDF8 /* NSObject+BTKUtils.m in Sources */ = {isa = PBXBuildFile; fileRef = EAA2C1E8197168150031EDF8 /* NSObject+BTKUtils.m */; };
		EAD7AE2319718F00005F981C /* PPSClient.m in Sources */ = {isa = PBXBuildFile; fileRef = EAD7AE2219718F00005F981C /* PPSClient.m */; };
		EAD7AE261971904B005F981C /* PPSSong.m in Sources */ = {isa = PBXBuildFile; fileRef = EAD7AE251971904B005F981C /* PPSSong.m */; };
/* End PBXBuildFile section */

/* Begin PBXContainerItemProxy section */
		EA9C6914196ADAC1005B52B2 /* PBXContainerItemProxy */ = {
			isa = PBXContainerItemProxy;
			containerPortal = EA9C68EC196ADAC1005B52B2 /* Project object */;
			proxyType = 1;
			remoteGlobalIDString = EA9C68F3196ADAC1005B52B2;
			remoteInfo = AirHack;
		};
/* End PBXContainerItemProxy section */

/* Begin PBXFileReference section */
		1C9F0007486D4D5F904157AD /* libPods.a */ = {isa = PBXFileReference; explicitFileType = archive.ar; includeInIndex = 0; path = libPods.a; sourceTree = BUILT_PRODUCTS_DIR; };
		3623BD9117C74807A2880434 /* Pods.xcconfig */ = {isa = PBXFileReference; includeInIndex = 1; lastKnownFileType = text.xcconfig; name = Pods.xcconfig; path = Pods/Pods.xcconfig; sourceTree = "<group>"; };
		EA3682BA19715AC100E3285B /* BonjourFinder.h */ = {isa = PBXFileReference; fileEncoding = 4; lastKnownFileType = sourcecode.c.h; path = BonjourFinder.h; sourceTree = "<group>"; };
		EA3682BB19715AC100E3285B /* BonjourFinder.m */ = {isa = PBXFileReference; fileEncoding = 4; lastKnownFileType = sourcecode.c.objc; path = BonjourFinder.m; sourceTree = "<group>"; };
		EA9C68F4196ADAC1005B52B2 /* AirHack.app */ = {isa = PBXFileReference; explicitFileType = wrapper.application; includeInIndex = 0; path = AirHack.app; sourceTree = BUILT_PRODUCTS_DIR; };
		EA9C68F7196ADAC1005B52B2 /* Foundation.framework */ = {isa = PBXFileReference; lastKnownFileType = wrapper.framework; name = Foundation.framework; path = System/Library/Frameworks/Foundation.framework; sourceTree = SDKROOT; };
		EA9C68F9196ADAC1005B52B2 /* CoreGraphics.framework */ = {isa = PBXFileReference; lastKnownFileType = wrapper.framework; name = CoreGraphics.framework; path = System/Library/Frameworks/CoreGraphics.framework; sourceTree = SDKROOT; };
		EA9C68FB196ADAC1005B52B2 /* UIKit.framework */ = {isa = PBXFileReference; lastKnownFileType = wrapper.framework; name = UIKit.framework; path = System/Library/Frameworks/UIKit.framework; sourceTree = SDKROOT; };
		EA9C68FF196ADAC1005B52B2 /* AirHack-Info.plist */ = {isa = PBXFileReference; lastKnownFileType = text.plist.xml; path = "AirHack-Info.plist"; sourceTree = "<group>"; };
		EA9C6901196ADAC1005B52B2 /* en */ = {isa = PBXFileReference; lastKnownFileType = text.plist.strings; name = en; path = en.lproj/InfoPlist.strings; sourceTree = "<group>"; };
		EA9C6903196ADAC1005B52B2 /* main.m */ = {isa = PBXFileReference; lastKnownFileType = sourcecode.c.objc; path = main.m; sourceTree = "<group>"; };
		EA9C6905196ADAC1005B52B2 /* AirHack-Prefix.pch */ = {isa = PBXFileReference; lastKnownFileType = sourcecode.c.h; path = "AirHack-Prefix.pch"; sourceTree = "<group>"; };
		EA9C6906196ADAC1005B52B2 /* AppDelegate.h */ = {isa = PBXFileReference; lastKnownFileType = sourcecode.c.h; path = AppDelegate.h; sourceTree = "<group>"; };
		EA9C6907196ADAC1005B52B2 /* AppDelegate.m */ = {isa = PBXFileReference; lastKnownFileType = sourcecode.c.objc; path = AppDelegate.m; sourceTree = "<group>"; };
		EA9C6909196ADAC1005B52B2 /* Images.xcassets */ = {isa = PBXFileReference; lastKnownFileType = folder.assetcatalog; path = Images.xcassets; sourceTree = "<group>"; };
		EA9C690F196ADAC1005B52B2 /* AirHackTests.xctest */ = {isa = PBXFileReference; explicitFileType = wrapper.cfbundle; includeInIndex = 0; path = AirHackTests.xctest; sourceTree = BUILT_PRODUCTS_DIR; };
		EA9C6910196ADAC1005B52B2 /* XCTest.framework */ = {isa = PBXFileReference; lastKnownFileType = wrapper.framework; name = XCTest.framework; path = Library/Frameworks/XCTest.framework; sourceTree = DEVELOPER_DIR; };
		EA9C6918196ADAC1005B52B2 /* AirHackTests-Info.plist */ = {isa = PBXFileReference; lastKnownFileType = text.plist.xml; path = "AirHackTests-Info.plist"; sourceTree = "<group>"; };
		EA9C691A196ADAC1005B52B2 /* en */ = {isa = PBXFileReference; lastKnownFileType = text.plist.strings; name = en; path = en.lproj/InfoPlist.strings; sourceTree = "<group>"; };
		EA9C691C196ADAC1005B52B2 /* AirHackTests.m */ = {isa = PBXFileReference; lastKnownFileType = sourcecode.c.objc; path = AirHackTests.m; sourceTree = "<group>"; };
		EA9C6926196ADB16005B52B2 /* MediaPlayer.framework */ = {isa = PBXFileReference; lastKnownFileType = wrapper.framework; name = MediaPlayer.framework; path = System/Library/Frameworks/MediaPlayer.framework; sourceTree = SDKROOT; };
		EA9C6928196ADF7A005B52B2 /* PostViewController.h */ = {isa = PBXFileReference; fileEncoding = 4; lastKnownFileType = sourcecode.c.h; path = PostViewController.h; sourceTree = "<group>"; };
		EA9C6929196ADF7A005B52B2 /* PostViewController.m */ = {isa = PBXFileReference; fileEncoding = 4; lastKnownFileType = sourcecode.c.objc; path = PostViewController.m; sourceTree = "<group>"; };
		EAA2C1E4197167740031EDF8 /* PPSSelectViewController.h */ = {isa = PBXFileReference; fileEncoding = 4; lastKnownFileType = sourcecode.c.h; path = PPSSelectViewController.h; sourceTree = "<group>"; };
		EAA2C1E5197167740031EDF8 /* PPSSelectViewController.m */ = {isa = PBXFileReference; fileEncoding = 4; lastKnownFileType = sourcecode.c.objc; path = PPSSelectViewController.m; sourceTree = "<group>"; };
		EAA2C1E7197168150031EDF8 /* NSObject+BTKUtils.h */ = {isa = PBXFileReference; fileEncoding = 4; lastKnownFileType = sourcecode.c.h; path = "NSObject+BTKUtils.h"; sourceTree = "<group>"; };
		EAA2C1E8197168150031EDF8 /* NSObject+BTKUtils.m */ = {isa = PBXFileReference; fileEncoding = 4; lastKnownFileType = sourcecode.c.objc; path = "NSObject+BTKUtils.m"; sourceTree = "<group>"; };
		EAD7AE2119718F00005F981C /* PPSClient.h */ = {isa = PBXFileReference; fileEncoding = 4; lastKnownFileType = sourcecode.c.h; path = PPSClient.h; sourceTree = "<group>"; };
		EAD7AE2219718F00005F981C /* PPSClient.m */ = {isa = PBXFileReference; fileEncoding = 4; lastKnownFileType = sourcecode.c.objc; path = PPSClient.m; sourceTree = "<group>"; };
		EAD7AE241971904B005F981C /* PPSSong.h */ = {isa = PBXFileReference; fileEncoding = 4; lastKnownFileType = sourcecode.c.h; path = PPSSong.h; sourceTree = "<group>"; };
		EAD7AE251971904B005F981C /* PPSSong.m */ = {isa = PBXFileReference; fileEncoding = 4; lastKnownFileType = sourcecode.c.objc; path = PPSSong.m; sourceTree = "<group>"; };
/* End PBXFileReference section */

/* Begin PBXFrameworksBuildPhase section */
		EA9C68F1196ADAC1005B52B2 /* Frameworks */ = {
			isa = PBXFrameworksBuildPhase;
			buildActionMask = 2147483647;
			files = (
				EA9C6927196ADB16005B52B2 /* MediaPlayer.framework in Frameworks */,
				EA9C68FA196ADAC1005B52B2 /* CoreGraphics.framework in Frameworks */,
				EA9C68FC196ADAC1005B52B2 /* UIKit.framework in Frameworks */,
				EA9C68F8196ADAC1005B52B2 /* Foundation.framework in Frameworks */,
				4A808F1F0315413CB2EA3E09 /* libPods.a in Frameworks */,
			);
			runOnlyForDeploymentPostprocessing = 0;
		};
		EA9C690C196ADAC1005B52B2 /* Frameworks */ = {
			isa = PBXFrameworksBuildPhase;
			buildActionMask = 2147483647;
			files = (
				EA9C6911196ADAC1005B52B2 /* XCTest.framework in Frameworks */,
				EA9C6913196ADAC1005B52B2 /* UIKit.framework in Frameworks */,
				EA9C6912196ADAC1005B52B2 /* Foundation.framework in Frameworks */,
			);
			runOnlyForDeploymentPostprocessing = 0;
		};
/* End PBXFrameworksBuildPhase section */

/* Begin PBXGroup section */
		EA9C68EB196ADAC1005B52B2 = {
			isa = PBXGroup;
			children = (
				EA9C68FD196ADAC1005B52B2 /* AirHack */,
				EA9C6916196ADAC1005B52B2 /* AirHackTests */,
				EA9C68F6196ADAC1005B52B2 /* Frameworks */,
				EA9C68F5196ADAC1005B52B2 /* Products */,
				3623BD9117C74807A2880434 /* Pods.xcconfig */,
			);
			sourceTree = "<group>";
		};
		EA9C68F5196ADAC1005B52B2 /* Products */ = {
			isa = PBXGroup;
			children = (
				EA9C68F4196ADAC1005B52B2 /* AirHack.app */,
				EA9C690F196ADAC1005B52B2 /* AirHackTests.xctest */,
			);
			name = Products;
			sourceTree = "<group>";
		};
		EA9C68F6196ADAC1005B52B2 /* Frameworks */ = {
			isa = PBXGroup;
			children = (
				EA9C6926196ADB16005B52B2 /* MediaPlayer.framework */,
				EA9C68F7196ADAC1005B52B2 /* Foundation.framework */,
				EA9C68F9196ADAC1005B52B2 /* CoreGraphics.framework */,
				EA9C68FB196ADAC1005B52B2 /* UIKit.framework */,
				EA9C6910196ADAC1005B52B2 /* XCTest.framework */,
				1C9F0007486D4D5F904157AD /* libPods.a */,
			);
			name = Frameworks;
			sourceTree = "<group>";
		};
		EA9C68FD196ADAC1005B52B2 /* AirHack */ = {
			isa = PBXGroup;
			children = (
				EA9C6906196ADAC1005B52B2 /* AppDelegate.h */,
				EA9C6907196ADAC1005B52B2 /* AppDelegate.m */,
				EA9C6928196ADF7A005B52B2 /* PostViewController.h */,
				EA9C6929196ADF7A005B52B2 /* PostViewController.m */,
				EAA2C1E4197167740031EDF8 /* PPSSelectViewController.h */,
				EAA2C1E5197167740031EDF8 /* PPSSelectViewController.m */,
				EAD7AE27197190AA005F981C /* Party Play Service Client */,
				EA3682BA19715AC100E3285B /* BonjourFinder.h */,
				EA3682BB19715AC100E3285B /* BonjourFinder.m */,
				EAA2C1E7197168150031EDF8 /* NSObject+BTKUtils.h */,
				EAA2C1E8197168150031EDF8 /* NSObject+BTKUtils.m */,
				EA9C6909196ADAC1005B52B2 /* Images.xcassets */,
				EA9C68FE196ADAC1005B52B2 /* Supporting Files */,
			);
			path = AirHack;
			sourceTree = "<group>";
		};
		EA9C68FE196ADAC1005B52B2 /* Supporting Files */ = {
			isa = PBXGroup;
			children = (
				EA9C68FF196ADAC1005B52B2 /* AirHack-Info.plist */,
				EA9C6900196ADAC1005B52B2 /* InfoPlist.strings */,
				EA9C6903196ADAC1005B52B2 /* main.m */,
				EA9C6905196ADAC1005B52B2 /* AirHack-Prefix.pch */,
			);
			name = "Supporting Files";
			sourceTree = "<group>";
		};
		EA9C6916196ADAC1005B52B2 /* AirHackTests */ = {
			isa = PBXGroup;
			children = (
				EA9C691C196ADAC1005B52B2 /* AirHackTests.m */,
				EA9C6917196ADAC1005B52B2 /* Supporting Files */,
			);
			path = AirHackTests;
			sourceTree = "<group>";
		};
		EA9C6917196ADAC1005B52B2 /* Supporting Files */ = {
			isa = PBXGroup;
			children = (
				EA9C6918196ADAC1005B52B2 /* AirHackTests-Info.plist */,
				EA9C6919196ADAC1005B52B2 /* InfoPlist.strings */,
			);
			name = "Supporting Files";
			sourceTree = "<group>";
		};
		EAD7AE27197190AA005F981C /* Party Play Service Client */ = {
			isa = PBXGroup;
			children = (
				EAD7AE2119718F00005F981C /* PPSClient.h */,
				EAD7AE2219718F00005F981C /* PPSClient.m */,
				EAD7AE241971904B005F981C /* PPSSong.h */,
				EAD7AE251971904B005F981C /* PPSSong.m */,
			);
			name = "Party Play Service Client";
			sourceTree = "<group>";
		};
/* End PBXGroup section */

/* Begin PBXNativeTarget section */
		EA9C68F3196ADAC1005B52B2 /* AirHack */ = {
			isa = PBXNativeTarget;
			buildConfigurationList = EA9C6920196ADAC1005B52B2 /* Build configuration list for PBXNativeTarget "AirHack" */;
			buildPhases = (
				6A5E7456D3CB4D54848EE2DF /* Check Pods Manifest.lock */,
				EA9C68F0196ADAC1005B52B2 /* Sources */,
				EA9C68F1196ADAC1005B52B2 /* Frameworks */,
				EA9C68F2196ADAC1005B52B2 /* Resources */,
				191D755F724B406F9E904C54 /* Copy Pods Resources */,
			);
			buildRules = (
			);
			dependencies = (
			);
			name = AirHack;
			productName = AirHack;
			productReference = EA9C68F4196ADAC1005B52B2 /* AirHack.app */;
			productType = "com.apple.product-type.application";
		};
		EA9C690E196ADAC1005B52B2 /* AirHackTests */ = {
			isa = PBXNativeTarget;
			buildConfigurationList = EA9C6923196ADAC1005B52B2 /* Build configuration list for PBXNativeTarget "AirHackTests" */;
			buildPhases = (
				EA9C690B196ADAC1005B52B2 /* Sources */,
				EA9C690C196ADAC1005B52B2 /* Frameworks */,
				EA9C690D196ADAC1005B52B2 /* Resources */,
			);
			buildRules = (
			);
			dependencies = (
				EA9C6915196ADAC1005B52B2 /* PBXTargetDependency */,
			);
			name = AirHackTests;
			productName = AirHackTests;
			productReference = EA9C690F196ADAC1005B52B2 /* AirHackTests.xctest */;
			productType = "com.apple.product-type.bundle.unit-test";
		};
/* End PBXNativeTarget section */

/* Begin PBXProject section */
		EA9C68EC196ADAC1005B52B2 /* Project object */ = {
			isa = PBXProject;
			attributes = {
				LastUpgradeCheck = 0510;
				ORGANIZATIONNAME = banjun;
				TargetAttributes = {
					EA9C690E196ADAC1005B52B2 = {
						TestTargetID = EA9C68F3196ADAC1005B52B2;
					};
				};
			};
			buildConfigurationList = EA9C68EF196ADAC1005B52B2 /* Build configuration list for PBXProject "AirHack" */;
			compatibilityVersion = "Xcode 3.2";
			developmentRegion = English;
			hasScannedForEncodings = 0;
			knownRegions = (
				en,
			);
			mainGroup = EA9C68EB196ADAC1005B52B2;
			productRefGroup = EA9C68F5196ADAC1005B52B2 /* Products */;
			projectDirPath = "";
			projectRoot = "";
			targets = (
				EA9C68F3196ADAC1005B52B2 /* AirHack */,
				EA9C690E196ADAC1005B52B2 /* AirHackTests */,
			);
		};
/* End PBXProject section */

/* Begin PBXResourcesBuildPhase section */
		EA9C68F2196ADAC1005B52B2 /* Resources */ = {
			isa = PBXResourcesBuildPhase;
			buildActionMask = 2147483647;
			files = (
				EA9C6902196ADAC1005B52B2 /* InfoPlist.strings in Resources */,
				EA9C690A196ADAC1005B52B2 /* Images.xcassets in Resources */,
			);
			runOnlyForDeploymentPostprocessing = 0;
		};
		EA9C690D196ADAC1005B52B2 /* Resources */ = {
			isa = PBXResourcesBuildPhase;
			buildActionMask = 2147483647;
			files = (
				EA9C691B196ADAC1005B52B2 /* InfoPlist.strings in Resources */,
			);
			runOnlyForDeploymentPostprocessing = 0;
		};
/* End PBXResourcesBuildPhase section */

/* Begin PBXShellScriptBuildPhase section */
		191D755F724B406F9E904C54 /* Copy Pods Resources */ = {
			isa = PBXShellScriptBuildPhase;
			buildActionMask = 2147483647;
			files = (
			);
			inputPaths = (
			);
			name = "Copy Pods Resources";
			outputPaths = (
			);
			runOnlyForDeploymentPostprocessing = 0;
			shellPath = /bin/sh;
			shellScript = "\"${SRCROOT}/Pods/Pods-resources.sh\"\n";
			showEnvVarsInLog = 0;
		};
		6A5E7456D3CB4D54848EE2DF /* Check Pods Manifest.lock */ = {
			isa = PBXShellScriptBuildPhase;
			buildActionMask = 2147483647;
			files = (
			);
			inputPaths = (
			);
			name = "Check Pods Manifest.lock";
			outputPaths = (
			);
			runOnlyForDeploymentPostprocessing = 0;
			shellPath = /bin/sh;
			shellScript = "diff \"${PODS_ROOT}/../Podfile.lock\" \"${PODS_ROOT}/Manifest.lock\" > /dev/null\nif [[ $? != 0 ]] ; then\n    cat << EOM\nerror: The sandbox is not in sync with the Podfile.lock. Run 'pod install' or update your CocoaPods installation.\nEOM\n    exit 1\nfi\n";
			showEnvVarsInLog = 0;
		};
/* End PBXShellScriptBuildPhase section */

/* Begin PBXSourcesBuildPhase section */
		EA9C68F0196ADAC1005B52B2 /* Sources */ = {
			isa = PBXSourcesBuildPhase;
			buildActionMask = 2147483647;
			files = (
				EA9C6908196ADAC1005B52B2 /* AppDelegate.m in Sources */,
				EA3682BC19715AC100E3285B /* BonjourFinder.m in Sources */,
				EAA2C1E6197167740031EDF8 /* PPSSelectViewController.m in Sources */,
				EA9C6904196ADAC1005B52B2 /* main.m in Sources */,
				EA9C692A196ADF7A005B52B2 /* PostViewController.m in Sources */,
				EAD7AE2319718F00005F981C /* PPSClient.m in Sources */,
				EAD7AE261971904B005F981C /* PPSSong.m in Sources */,
				EAA2C1E9197168150031EDF8 /* NSObject+BTKUtils.m in Sources */,
			);
			runOnlyForDeploymentPostprocessing = 0;
		};
		EA9C690B196ADAC1005B52B2 /* Sources */ = {
			isa = PBXSourcesBuildPhase;
			buildActionMask = 2147483647;
			files = (
				EA9C691D196ADAC1005B52B2 /* AirHackTests.m in Sources */,
			);
			runOnlyForDeploymentPostprocessing = 0;
		};
/* End PBXSourcesBuildPhase section */

/* Begin PBXTargetDependency section */
		EA9C6915196ADAC1005B52B2 /* PBXTargetDependency */ = {
			isa = PBXTargetDependency;
			target = EA9C68F3196ADAC1005B52B2 /* AirHack */;
			targetProxy = EA9C6914196ADAC1005B52B2 /* PBXContainerItemProxy */;
		};
/* End PBXTargetDependency section */

/* Begin PBXVariantGroup section */
		EA9C6900196ADAC1005B52B2 /* InfoPlist.strings */ = {
			isa = PBXVariantGroup;
			children = (
				EA9C6901196ADAC1005B52B2 /* en */,
			);
			name = InfoPlist.strings;
			sourceTree = "<group>";
		};
		EA9C6919196ADAC1005B52B2 /* InfoPlist.strings */ = {
			isa = PBXVariantGroup;
			children = (
				EA9C691A196ADAC1005B52B2 /* en */,
			);
			name = InfoPlist.strings;
			sourceTree = "<group>";
		};
/* End PBXVariantGroup section */

/* Begin XCBuildConfiguration section */
		EA9C691E196ADAC1005B52B2 /* Debug */ = {
			isa = XCBuildConfiguration;
			buildSettings = {
				ALWAYS_SEARCH_USER_PATHS = NO;
				CLANG_CXX_LANGUAGE_STANDARD = "gnu++0x";
				CLANG_CXX_LIBRARY = "libc++";
				CLANG_ENABLE_MODULES = YES;
				CLANG_ENABLE_OBJC_ARC = YES;
				CLANG_WARN_BOOL_CONVERSION = YES;
				CLANG_WARN_CONSTANT_CONVERSION = YES;
				CLANG_WARN_DIRECT_OBJC_ISA_USAGE = YES_ERROR;
				CLANG_WARN_EMPTY_BODY = YES;
				CLANG_WARN_ENUM_CONVERSION = YES;
				CLANG_WARN_INT_CONVERSION = YES;
				CLANG_WARN_OBJC_ROOT_CLASS = YES_ERROR;
				CLANG_WARN__DUPLICATE_METHOD_MATCH = YES;
				"CODE_SIGN_IDENTITY[sdk=iphoneos*]" = "iPhone Developer";
				COPY_PHASE_STRIP = NO;
				GCC_C_LANGUAGE_STANDARD = gnu99;
				GCC_DYNAMIC_NO_PIC = NO;
				GCC_OPTIMIZATION_LEVEL = 0;
				GCC_PREPROCESSOR_DEFINITIONS = (
					"DEBUG=1",
					"$(inherited)",
				);
				GCC_SYMBOLS_PRIVATE_EXTERN = NO;
				GCC_WARN_64_TO_32_BIT_CONVERSION = YES;
				GCC_WARN_ABOUT_RETURN_TYPE = YES_ERROR;
				GCC_WARN_UNDECLARED_SELECTOR = YES;
				GCC_WARN_UNINITIALIZED_AUTOS = YES_AGGRESSIVE;
				GCC_WARN_UNUSED_FUNCTION = YES;
				GCC_WARN_UNUSED_VARIABLE = YES;
				IPHONEOS_DEPLOYMENT_TARGET = 7.1;
				ONLY_ACTIVE_ARCH = YES;
				SDKROOT = iphoneos;
				TARGETED_DEVICE_FAMILY = "1,2";
			};
			name = Debug;
		};
		EA9C691F196ADAC1005B52B2 /* Release */ = {
			isa = XCBuildConfiguration;
			buildSettings = {
				ALWAYS_SEARCH_USER_PATHS = NO;
				CLANG_CXX_LANGUAGE_STANDARD = "gnu++0x";
				CLANG_CXX_LIBRARY = "libc++";
				CLANG_ENABLE_MODULES = YES;
				CLANG_ENABLE_OBJC_ARC = YES;
				CLANG_WARN_BOOL_CONVERSION = YES;
				CLANG_WARN_CONSTANT_CONVERSION = YES;
				CLANG_WARN_DIRECT_OBJC_ISA_USAGE = YES_ERROR;
				CLANG_WARN_EMPTY_BODY = YES;
				CLANG_WARN_ENUM_CONVERSION = YES;
				CLANG_WARN_INT_CONVERSION = YES;
				CLANG_WARN_OBJC_ROOT_CLASS = YES_ERROR;
				CLANG_WARN__DUPLICATE_METHOD_MATCH = YES;
				"CODE_SIGN_IDENTITY[sdk=iphoneos*]" = "iPhone Distribution";
				COPY_PHASE_STRIP = YES;
				ENABLE_NS_ASSERTIONS = NO;
				GCC_C_LANGUAGE_STANDARD = gnu99;
				GCC_WARN_64_TO_32_BIT_CONVERSION = YES;
				GCC_WARN_ABOUT_RETURN_TYPE = YES_ERROR;
				GCC_WARN_UNDECLARED_SELECTOR = YES;
				GCC_WARN_UNINITIALIZED_AUTOS = YES_AGGRESSIVE;
				GCC_WARN_UNUSED_FUNCTION = YES;
				GCC_WARN_UNUSED_VARIABLE = YES;
				IPHONEOS_DEPLOYMENT_TARGET = 7.1;
				SDKROOT = iphoneos;
				TARGETED_DEVICE_FAMILY = "1,2";
				VALIDATE_PRODUCT = YES;
			};
			name = Release;
		};
		EA9C6921196ADAC1005B52B2 /* Debug */ = {
			isa = XCBuildConfiguration;
			baseConfigurationReference = 3623BD9117C74807A2880434 /* Pods.xcconfig */;
			buildSettings = {
				ASSETCATALOG_COMPILER_APPICON_NAME = AppIcon;
				ASSETCATALOG_COMPILER_LAUNCHIMAGE_NAME = LaunchImage;
				GCC_PRECOMPILE_PREFIX_HEADER = YES;
				GCC_PREFIX_HEADER = "AirHack/AirHack-Prefix.pch";
				INFOPLIST_FILE = "AirHack/AirHack-Info.plist";
				PRODUCT_NAME = "$(TARGET_NAME)";
				WRAPPER_EXTENSION = app;
			};
			name = Debug;
		};
		EA9C6922196ADAC1005B52B2 /* Release */ = {
			isa = XCBuildConfiguration;
			baseConfigurationReference = 3623BD9117C74807A2880434 /* Pods.xcconfig */;
			buildSettings = {
				ASSETCATALOG_COMPILER_APPICON_NAME = AppIcon;
				ASSETCATALOG_COMPILER_LAUNCHIMAGE_NAME = LaunchImage;
				GCC_PRECOMPILE_PREFIX_HEADER = YES;
				GCC_PREFIX_HEADER = "AirHack/AirHack-Prefix.pch";
				INFOPLIST_FILE = "AirHack/AirHack-Info.plist";
				PRODUCT_NAME = "$(TARGET_NAME)";
				WRAPPER_EXTENSION = app;
			};
			name = Release;
		};
		EA9C6924196ADAC1005B52B2 /* Debug */ = {
			isa = XCBuildConfiguration;
			buildSettings = {
				BUNDLE_LOADER = "$(BUILT_PRODUCTS_DIR)/AirHack.app/AirHack";
				FRAMEWORK_SEARCH_PATHS = (
					"$(SDKROOT)/Developer/Library/Frameworks",
					"$(inherited)",
					"$(DEVELOPER_FRAMEWORKS_DIR)",
				);
				GCC_PRECOMPILE_PREFIX_HEADER = YES;
				GCC_PREFIX_HEADER = "AirHack/AirHack-Prefix.pch";
				GCC_PREPROCESSOR_DEFINITIONS = (
					"DEBUG=1",
					"$(inherited)",
				);
				INFOPLIST_FILE = "AirHackTests/AirHackTests-Info.plist";
				PRODUCT_NAME = "$(TARGET_NAME)";
				TEST_HOST = "$(BUNDLE_LOADER)";
				WRAPPER_EXTENSION = xctest;
			};
			name = Debug;
		};
		EA9C6925196ADAC1005B52B2 /* Release */ = {
			isa = XCBuildConfiguration;
			buildSettings = {
				BUNDLE_LOADER = "$(BUILT_PRODUCTS_DIR)/AirHack.app/AirHack";
				FRAMEWORK_SEARCH_PATHS = (
					"$(SDKROOT)/Developer/Library/Frameworks",
					"$(inherited)",
					"$(DEVELOPER_FRAMEWORKS_DIR)",
				);
				GCC_PRECOMPILE_PREFIX_HEADER = YES;
				GCC_PREFIX_HEADER = "AirHack/AirHack-Prefix.pch";
				INFOPLIST_FILE = "AirHackTests/AirHackTests-Info.plist";
				PRODUCT_NAME = "$(TARGET_NAME)";
				TEST_HOST = "$(BUNDLE_LOADER)";
				WRAPPER_EXTENSION = xctest;
			};
			name = Release;
		};
/* End XCBuildConfiguration section */

/* Begin XCConfigurationList section */
		EA9C68EF196ADAC1005B52B2 /* Build configuration list for PBXProject "AirHack" */ = {
			isa = XCConfigurationList;
			buildConfigurations = (
				EA9C691E196ADAC1005B52B2 /* Debug */,
				EA9C691F196ADAC1005B52B2 /* Release */,
			);
			defaultConfigurationIsVisible = 0;
			defaultConfigurationName = Release;
		};
		EA9C6920196ADAC1005B52B2 /* Build configuration list for PBXNativeTarget "AirHack" */ = {
			isa = XCConfigurationList;
			buildConfigurations = (
				EA9C6921196ADAC1005B52B2 /* Debug */,
				EA9C6922196ADAC1005B52B2 /* Release */,
			);
			defaultConfigurationIsVisible = 0;
			defaultConfigurationName = Release;
		};
		EA9C6923196ADAC1005B52B2 /* Build configuration list for PBXNativeTarget "AirHackTests" */ = {
			isa = XCConfigurationList;
			buildConfigurations = (
				EA9C6924196ADAC1005B52B2 /* Debug */,
				EA9C6925196ADAC1005B52B2 /* Release */,
			);
			defaultConfigurationIsVisible = 0;
			defaultConfigurationName = Release;
		};
/* End XCConfigurationList section */
	};
	rootObject = EA9C68EC196ADAC1005B52B2 /* Project object */;
}
